
Microsoft Visual Studio Solution File, Format Version 12.00
# Visual Studio 2012
Project("{FAE04EC0-301F-11D3-BF4B-00C04F79EFBC}") = "account-owner-api", "account-owner-api\account-owner-api.csproj", "{A074B1FB-49D7-45B2-ABB9-9D8BF97A52D5}"
EndProject
Project("{FAE04EC0-301F-11D3-BF4B-00C04F79EFBC}") = "account-owner-service", "account-owner-service\account-owner-service.csproj", "{AFEBE02C-14B9-4B2B-A6BA-A81D02BF441F}"
EndProject
Project("{FAE04EC0-301F-11D3-BF4B-00C04F79EFBC}") = "account-owner-entity", "account-owner-entity\account-owner-entity.csproj", "{DB9AF01C-E6FA-4963-B2E6-F99E2E2D6F27}"
EndProject
Global
	GlobalSection(SolutionConfigurationPlatforms) = preSolution
		Debug|Any CPU = Debug|Any CPU
		Release|Any CPU = Release|Any CPU
	EndGlobalSection
	GlobalSection(ProjectConfigurationPlatforms) = postSolution
		{A074B1FB-49D7-45B2-ABB9-9D8BF97A52D5}.Debug|Any CPU.ActiveCfg = Debug|Any CPU
		{A074B1FB-49D7-45B2-ABB9-9D8BF97A52D5}.Debug|Any CPU.Build.0 = Debug|Any CPU
		{A074B1FB-49D7-45B2-ABB9-9D8BF97A52D5}.Release|Any CPU.ActiveCfg = Release|Any CPU
		{A074B1FB-49D7-45B2-ABB9-9D8BF97A52D5}.Release|Any CPU.Build.0 = Release|Any CPU
		{AFEBE02C-14B9-4B2B-A6BA-A81D02BF441F}.Debug|Any CPU.ActiveCfg = Debug|Any CPU
		{AFEBE02C-14B9-4B2B-A6BA-A81D02BF441F}.Debug|Any CPU.Build.0 = Debug|Any CPU
		{AFEBE02C-14B9-4B2B-A6BA-A81D02BF441F}.Release|Any CPU.ActiveCfg = Release|Any CPU
		{AFEBE02C-14B9-4B2B-A6BA-A81D02BF441F}.Release|Any CPU.Build.0 = Release|Any CPU
		{DB9AF01C-E6FA-4963-B2E6-F99E2E2D6F27}.Debug|Any CPU.ActiveCfg = Debug|Any CPU
		{DB9AF01C-E6FA-4963-B2E6-F99E2E2D6F27}.Debug|Any CPU.Build.0 = Debug|Any CPU
		{DB9AF01C-E6FA-4963-B2E6-F99E2E2D6F27}.Release|Any CPU.ActiveCfg = Release|Any CPU
		{DB9AF01C-E6FA-4963-B2E6-F99E2E2D6F27}.Release|Any CPU.Build.0 = Release|Any CPU
	EndGlobalSection
EndGlobal
